
Microsoft Visual Studio Solution File, Format Version 12.00
# Visual Studio 15
VisualStudioVersion = 15.0.27004.2005
MinimumVisualStudioVersion = 10.0.40219.1
Project("{FAE04EC0-301F-11D3-BF4B-00C04F79EFBC}") = "DeepNaiWorkshop_2796", "DeepNaiWorkshop_2796\DeepNaiWorkshop_2796.csproj", "{721B38FD-7F2C-44CD-9F4F-16CFE280DDB4}"
EndProject
Project("{FAE04EC0-301F-11D3-BF4B-00C04F79EFBC}") = "MyTools", "MyTool\MyTools.csproj", "{A6832F7A-3FB5-4196-9804-513B0A2500E3}"
EndProject
Project("{FAE04EC0-301F-11D3-BF4B-00C04F79EFBC}") = "RegeditActivity", "RegeditActivity\RegeditActivity.csproj", "{ED551FA6-54D9-4956-BCC0-C77D57757EF6}"
EndProject
Project("{FAE04EC0-301F-11D3-BF4B-00C04F79EFBC}") = "LoginActivity", "LoginActivity\LoginActivity.csproj", "{6EE75732-F440-4F27-9082-EA081E100D4B}"
EndProject
Global
	GlobalSection(SolutionConfigurationPlatforms) = preSolution
		Debug|Any CPU = Debug|Any CPU
		Release|Any CPU = Release|Any CPU
	EndGlobalSection
	GlobalSection(ProjectConfigurationPlatforms) = postSolution
		{721B38FD-7F2C-44CD-9F4F-16CFE280DDB4}.Debug|Any CPU.ActiveCfg = Debug|Any CPU
		{721B38FD-7F2C-44CD-9F4F-16CFE280DDB4}.Debug|Any CPU.Build.0 = Debug|Any CPU
		{721B38FD-7F2C-44CD-9F4F-16CFE280DDB4}.Release|Any CPU.ActiveCfg = Release|Any CPU
		{721B38FD-7F2C-44CD-9F4F-16CFE280DDB4}.Release|Any CPU.Build.0 = Release|Any CPU
		{A6832F7A-3FB5-4196-9804-513B0A2500E3}.Debug|Any CPU.ActiveCfg = Debug|Any CPU
		{A6832F7A-3FB5-4196-9804-513B0A2500E3}.Debug|Any CPU.Build.0 = Debug|Any CPU
		{A6832F7A-3FB5-4196-9804-513B0A2500E3}.Release|Any CPU.ActiveCfg = Release|Any CPU
		{A6832F7A-3FB5-4196-9804-513B0A2500E3}.Release|Any CPU.Build.0 = Release|Any CPU
		{ED551FA6-54D9-4956-BCC0-C77D57757EF6}.Debug|Any CPU.ActiveCfg = Debug|Any CPU
		{ED551FA6-54D9-4956-BCC0-C77D57757EF6}.Debug|Any CPU.Build.0 = Debug|Any CPU
		{ED551FA6-54D9-4956-BCC0-C77D57757EF6}.Release|Any CPU.ActiveCfg = Release|Any CPU
		{ED551FA6-54D9-4956-BCC0-C77D57757EF6}.Release|Any CPU.Build.0 = Release|Any CPU
		{6EE75732-F440-4F27-9082-EA081E100D4B}.Debug|Any CPU.ActiveCfg = Debug|Any CPU
		{6EE75732-F440-4F27-9082-EA081E100D4B}.Debug|Any CPU.Build.0 = Debug|Any CPU
		{6EE75732-F440-4F27-9082-EA081E100D4B}.Release|Any CPU.ActiveCfg = Release|Any CPU
		{6EE75732-F440-4F27-9082-EA081E100D4B}.Release|Any CPU.Build.0 = Release|Any CPU
	EndGlobalSection
	GlobalSection(SolutionProperties) = preSolution
		HideSolutionNode = FALSE
	EndGlobalSection
	GlobalSection(ExtensibilityGlobals) = postSolution
		SolutionGuid = {DD77F627-62BB-4E94-9DF8-029372686372}
	EndGlobalSection
EndGlobal
